
Microsoft Visual Studio Solution File, Format Version 12.00
# Visual Studio 15
Project("{FAE04EC0-301F-11D3-BF4B-00C04F79EFBC}") = "Assembly-CSharp", "Assembly-CSharp.csproj", "{35D446D4-3EE3-C373-0AE6-9781278DEEFC}"
EndProject
Project("{FAE04EC0-301F-11D3-BF4B-00C04F79EFBC}") = "XNode", "XNode.csproj", "{E51558A5-591D-322D-9CB5-F0FA1A4FEAF0}"
EndProject
Project("{FAE04EC0-301F-11D3-BF4B-00C04F79EFBC}") = "XNodeEditor", "XNodeEditor.csproj", "{AD601806-4123-E93F-3C2B-F2FB8662BC2D}"
EndProject
Global
	GlobalSection(SolutionConfigurationPlatforms) = preSolution
		Debug|Any CPU = Debug|Any CPU
		Release|Any CPU = Release|Any CPU
	EndGlobalSection
	GlobalSection(ProjectConfigurationPlatforms) = postSolution
		{35D446D4-3EE3-C373-0AE6-9781278DEEFC}.Debug|Any CPU.ActiveCfg = Debug|Any CPU
		{35D446D4-3EE3-C373-0AE6-9781278DEEFC}.Debug|Any CPU.Build.0 = Debug|Any CPU
		{35D446D4-3EE3-C373-0AE6-9781278DEEFC}.Release|Any CPU.ActiveCfg = Release|Any CPU
		{35D446D4-3EE3-C373-0AE6-9781278DEEFC}.Release|Any CPU.Build.0 = Release|Any CPU
		{E51558A5-591D-322D-9CB5-F0FA1A4FEAF0}.Debug|Any CPU.ActiveCfg = Debug|Any CPU
		{E51558A5-591D-322D-9CB5-F0FA1A4FEAF0}.Debug|Any CPU.Build.0 = Debug|Any CPU
		{E51558A5-591D-322D-9CB5-F0FA1A4FEAF0}.Release|Any CPU.ActiveCfg = Release|Any CPU
		{E51558A5-591D-322D-9CB5-F0FA1A4FEAF0}.Release|Any CPU.Build.0 = Release|Any CPU
		{AD601806-4123-E93F-3C2B-F2FB8662BC2D}.Debug|Any CPU.ActiveCfg = Debug|Any CPU
		{AD601806-4123-E93F-3C2B-F2FB8662BC2D}.Debug|Any CPU.Build.0 = Debug|Any CPU
		{AD601806-4123-E93F-3C2B-F2FB8662BC2D}.Release|Any CPU.ActiveCfg = Release|Any CPU
		{AD601806-4123-E93F-3C2B-F2FB8662BC2D}.Release|Any CPU.Build.0 = Release|Any CPU
	EndGlobalSection
	GlobalSection(SolutionProperties) = preSolution
		HideSolutionNode = FALSE
	EndGlobalSection
EndGlobal
